
Microsoft Visual Studio Solution File, Format Version 12.00
# Visual Studio Version 16
VisualStudioVersion = 16.0.29326.143
MinimumVisualStudioVersion = 10.0.40219.1
Project("{FAE04EC0-301F-11D3-BF4B-00C04F79EFBC}") = "Multiples of 3 and 5", "Multiples of 3 and 5\Multiples of 3 and 5.csproj", "{4A5FDC40-E826-4D54-9F5B-1D3CB304FDC8}"
EndProject
Global
	GlobalSection(SolutionConfigurationPlatforms) = preSolution
		Debug|Any CPU = Debug|Any CPU
		Release|Any CPU = Release|Any CPU
	EndGlobalSection
	GlobalSection(ProjectConfigurationPlatforms) = postSolution
		{4A5FDC40-E826-4D54-9F5B-1D3CB304FDC8}.Debug|Any CPU.ActiveCfg = Debug|Any CPU
		{4A5FDC40-E826-4D54-9F5B-1D3CB304FDC8}.Debug|Any CPU.Build.0 = Debug|Any CPU
		{4A5FDC40-E826-4D54-9F5B-1D3CB304FDC8}.Release|Any CPU.ActiveCfg = Release|Any CPU
		{4A5FDC40-E826-4D54-9F5B-1D3CB304FDC8}.Release|Any CPU.Build.0 = Release|Any CPU
	EndGlobalSection
	GlobalSection(SolutionProperties) = preSolution
		HideSolutionNode = FALSE
	EndGlobalSection
	GlobalSection(ExtensibilityGlobals) = postSolution
		SolutionGuid = {14C3B36D-5096-4925-9E02-6193A2987F9A}
	EndGlobalSection
EndGlobal
